
Microsoft Visual Studio Solution File, Format Version 12.00
# Visual Studio Version 17
VisualStudioVersion = 17.5.002.0
MinimumVisualStudioVersion = 10.0.40219.1
Project("{9A19103F-16F7-4668-BE54-9A1E7A4F7556}") = "tl1-tp8-2024-andyh41", "tl1-tp8-2024-andyh41.csproj", "{F9C3A87A-E435-461D-B2E0-172502B36967}"
EndProject
Global
	GlobalSection(SolutionConfigurationPlatforms) = preSolution
		Debug|Any CPU = Debug|Any CPU
		Release|Any CPU = Release|Any CPU
	EndGlobalSection
	GlobalSection(ProjectConfigurationPlatforms) = postSolution
		{F9C3A87A-E435-461D-B2E0-172502B36967}.Debug|Any CPU.ActiveCfg = Debug|Any CPU
		{F9C3A87A-E435-461D-B2E0-172502B36967}.Debug|Any CPU.Build.0 = Debug|Any CPU
		{F9C3A87A-E435-461D-B2E0-172502B36967}.Release|Any CPU.ActiveCfg = Release|Any CPU
		{F9C3A87A-E435-461D-B2E0-172502B36967}.Release|Any CPU.Build.0 = Release|Any CPU
	EndGlobalSection
	GlobalSection(SolutionProperties) = preSolution
		HideSolutionNode = FALSE
	EndGlobalSection
	GlobalSection(ExtensibilityGlobals) = postSolution
		SolutionGuid = {75C3B4A8-9EEB-4DFB-9EDC-1BF62868E287}
	EndGlobalSection
EndGlobal
